// !$*UTF8*$!
{
	archiveVersion = 1;
	classes = {
	};
	objectVersion = 48;
	objects = {

/* Begin PBXBuildFile section */
		06F49B3D1FE13A0E00661636 /* AppDelegate.swift in Sources */ = {isa = PBXBuildFile; fileRef = 06F49B3C1FE13A0E00661636 /* AppDelegate.swift */; };
		06F49B3F1FE13A0E00661636 /* ViewController.swift in Sources */ = {isa = PBXBuildFile; fileRef = 06F49B3E1FE13A0E00661636 /* ViewController.swift */; };
		06F49B421FE13A0E00661636 /* Main.storyboard in Resources */ = {isa = PBXBuildFile; fileRef = 06F49B401FE13A0E00661636 /* Main.storyboard */; };
		06F49B441FE13A0E00661636 /* Assets.xcassets in Resources */ = {isa = PBXBuildFile; fileRef = 06F49B431FE13A0E00661636 /* Assets.xcassets */; };
		06F49B471FE13A0E00661636 /* LaunchScreen.storyboard in Resources */ = {isa = PBXBuildFile; fileRef = 06F49B451FE13A0E00661636 /* LaunchScreen.storyboard */; };
		06F49B4F1FE1494000661636 /* MyTabView.swift in Sources */ = {isa = PBXBuildFile; fileRef = 06F49B4E1FE1494000661636 /* MyTabView.swift */; };
/* End PBXBuildFile section */

/* Begin PBXFileReference section */
		06F49B391FE13A0E00661636 /* MyTabView.app */ = {isa = PBXFileReference; explicitFileType = wrapper.application; includeInIndex = 0; path = MyTabView.app; sourceTree = BUILT_PRODUCTS_DIR; };
		06F49B3C1FE13A0E00661636 /* AppDelegate.swift */ = {isa = PBXFileReference; lastKnownFileType = sourcecode.swift; path = AppDelegate.swift; sourceTree = "<group>"; };
		06F49B3E1FE13A0E00661636 /* ViewController.swift */ = {isa = PBXFileReference; lastKnownFileType = sourcecode.swift; path = ViewController.swift; sourceTree = "<group>"; };
		06F49B411FE13A0E00661636 /* Base */ = {isa = PBXFileReference; lastKnownFileType = file.storyboard; name = Base; path = Base.lproj/Main.storyboard; sourceTree = "<group>"; };
		06F49B431FE13A0E00661636 /* Assets.xcassets */ = {isa = PBXFileReference; lastKnownFileType = folder.assetcatalog; path = Assets.xcassets; sourceTree = "<group>"; };
		06F49B461FE13A0E00661636 /* Base */ = {isa = PBXFileReference; lastKnownFileType = file.storyboard; name = Base; path = Base.lproj/LaunchScreen.storyboard; sourceTree = "<group>"; };
		06F49B481FE13A0E00661636 /* Info.plist */ = {isa = PBXFileReference; lastKnownFileType = text.plist.xml; path = Info.plist; sourceTree = "<group>"; };
		06F49B4E1FE1494000661636 /* MyTabView.swift */ = {isa = PBXFileReference; lastKnownFileType = sourcecode.swift; path = MyTabView.swift; sourceTree = "<group>"; };
/* End PBXFileReference section */

/* Begin PBXFrameworksBuildPhase section */
		06F49B361FE13A0E00661636 /* Frameworks */ = {
			isa = PBXFrameworksBuildPhase;
			buildActionMask = 2147483647;
			files = (
			);
			runOnlyForDeploymentPostprocessing = 0;
		};
/* End PBXFrameworksBuildPhase section */

/* Begin PBXGroup section */
		06F49B301FE13A0E00661636 = {
			isa = PBXGroup;
			children = (
				06F49B3B1FE13A0E00661636 /* MyTabView */,
				06F49B3A1FE13A0E00661636 /* Products */,
			);
			sourceTree = "<group>";
		};
		06F49B3A1FE13A0E00661636 /* Products */ = {
			isa = PBXGroup;
			children = (
				06F49B391FE13A0E00661636 /* MyTabView.app */,
			);
			name = Products;
			sourceTree = "<group>";
		};
		06F49B3B1FE13A0E00661636 /* MyTabView */ = {
			isa = PBXGroup;
			children = (
				06F49B3C1FE13A0E00661636 /* AppDelegate.swift */,
				06F49B3E1FE13A0E00661636 /* ViewController.swift */,
				06F49B4E1FE1494000661636 /* MyTabView.swift */,
				06F49B401FE13A0E00661636 /* Main.storyboard */,
				06F49B431FE13A0E00661636 /* Assets.xcassets */,
				06F49B451FE13A0E00661636 /* LaunchScreen.storyboard */,
				06F49B481FE13A0E00661636 /* Info.plist */,
			);
			path = MyTabView;
			sourceTree = "<group>";
		};
/* End PBXGroup section */

/* Begin PBXNativeTarget section */
		06F49B381FE13A0E00661636 /* MyTabView */ = {
			isa = PBXNativeTarget;
			buildConfigurationList = 06F49B4B1FE13A0E00661636 /* Build configuration list for PBXNativeTarget "MyTabView" */;
			buildPhases = (
				06F49B351FE13A0E00661636 /* Sources */,
				06F49B361FE13A0E00661636 /* Frameworks */,
				06F49B371FE13A0E00661636 /* Resources */,
			);
			buildRules = (
			);
			dependencies = (
			);
			name = MyTabView;
			productName = MyTabView;
			productReference = 06F49B391FE13A0E00661636 /* MyTabView.app */;
			productType = "com.apple.product-type.application";
		};
/* End PBXNativeTarget section */

/* Begin PBXProject section */
		06F49B311FE13A0E00661636 /* Project object */ = {
			isa = PBXProject;
			attributes = {
				LastSwiftUpdateCheck = 0920;
				LastUpgradeCheck = 0920;
				ORGANIZATIONNAME = "カタギリ ジュン";
				TargetAttributes = {
					06F49B381FE13A0E00661636 = {
						CreatedOnToolsVersion = 9.2;
						ProvisioningStyle = Automatic;
					};
				};
			};
			buildConfigurationList = 06F49B341FE13A0E00661636 /* Build configuration list for PBXProject "MyTabView" */;
			compatibilityVersion = "Xcode 8.0";
			developmentRegion = en;
			hasScannedForEncodings = 0;
			knownRegions = (
				en,
				Base,
			);
			mainGroup = 06F49B301FE13A0E00661636;
			productRefGroup = 06F49B3A1FE13A0E00661636 /* Products */;
			projectDirPath = "";
			projectRoot = "";
			targets = (
				06F49B381FE13A0E00661636 /* MyTabView */,
			);
		};
/* End PBXProject section */

/* Begin PBXResourcesBuildPhase section */
		06F49B371FE13A0E00661636 /* Resources */ = {
			isa = PBXResourcesBuildPhase;
			buildActionMask = 2147483647;
			files = (
				06F49B471FE13A0E00661636 /* LaunchScreen.storyboard in Resources */,
				06F49B441FE13A0E00661636 /* Assets.xcassets in Resources */,
				06F49B421FE13A0E00661636 /* Main.storyboard in Resources */,
			);
			runOnlyForDeploymentPostprocessing = 0;
		};
/* End PBXResourcesBuildPhase section */

/* Begin PBXSourcesBuildPhase section */
		06F49B351FE13A0E00661636 /* Sources */ = {
			isa = PBXSourcesBuildPhase;
			buildActionMask = 2147483647;
			files = (
				06F49B3F1FE13A0E00661636 /* ViewController.swift in Sources */,
				06F49B4F1FE1494000661636 /* MyTabView.swift in Sources */,
				06F49B3D1FE13A0E00661636 /* AppDelegate.swift in Sources */,
			);
			runOnlyForDeploymentPostprocessing = 0;
		};
/* End PBXSourcesBuildPhase section */

/* Begin PBXVariantGroup section */
		06F49B401FE13A0E00661636 /* Main.storyboard */ = {
			isa = PBXVariantGroup;
			children = (
				06F49B411FE13A0E00661636 /* Base */,
			);
			name = Main.storyboard;
			sourceTree = "<group>";
		};
		06F49B451FE13A0E00661636 /* LaunchScreen.storyboard */ = {
			isa = PBXVariantGroup;
			children = (
				06F49B461FE13A0E00661636 /* Base */,
			);
			name = LaunchScreen.storyboard;
			sourceTree = "<group>";
		};
/* End PBXVariantGroup section */

/* Begin XCBuildConfiguration section */
		06F49B491FE13A0E00661636 /* Debug */ = {
			isa = XCBuildConfiguration;
			buildSettings = {
				ALWAYS_SEARCH_USER_PATHS = NO;
				CLANG_ANALYZER_NONNULL = YES;
				CLANG_ANALYZER_NUMBER_OBJECT_CONVERSION = YES_AGGRESSIVE;
				CLANG_CXX_LANGUAGE_STANDARD = "gnu++14";
				CLANG_CXX_LIBRARY = "libc++";
				CLANG_ENABLE_MODULES = YES;
				CLANG_ENABLE_OBJC_ARC = YES;
				CLANG_WARN_BLOCK_CAPTURE_AUTORELEASING = YES;
				CLANG_WARN_BOOL_CONVERSION = YES;
				CLANG_WARN_COMMA = YES;
				CLANG_WARN_CONSTANT_CONVERSION = YES;
				CLANG_WARN_DIRECT_OBJC_ISA_USAGE = YES_ERROR;
				CLANG_WARN_DOCUMENTATION_COMMENTS = YES;
				CLANG_WARN_EMPTY_BODY = YES;
				CLANG_WARN_ENUM_CONVERSION = YES;
				CLANG_WARN_INFINITE_RECURSION = YES;
				CLANG_WARN_INT_CONVERSION = YES;
				CLANG_WARN_NON_LITERAL_NULL_CONVERSION = YES;
				CLANG_WARN_OBJC_LITERAL_CONVERSION = YES;
				CLANG_WARN_OBJC_ROOT_CLASS = YES_ERROR;
				CLANG_WARN_RANGE_LOOP_ANALYSIS = YES;
				CLANG_WARN_STRICT_PROTOTYPES = YES;
				CLANG_WARN_SUSPICIOUS_MOVE = YES;
				CLANG_WARN_UNGUARDED_AVAILABILITY = YES_AGGRESSIVE;
				CLANG_WARN_UNREACHABLE_CODE = YES;
				CLANG_WARN__DUPLICATE_METHOD_MATCH = YES;
				CODE_SIGN_IDENTITY = "iPhone Developer";
				COPY_PHASE_STRIP = NO;
				DEBUG_INFORMATION_FORMAT = dwarf;
				ENABLE_STRICT_OBJC_MSGSEND = YES;
				ENABLE_TESTABILITY = YES;
				GCC_C_LANGUAGE_STANDARD = gnu11;
				GCC_DYNAMIC_NO_PIC = NO;
				GCC_NO_COMMON_BLOCKS = YES;
				GCC_OPTIMIZATION_LEVEL = 0;
				GCC_PREPROCESSOR_DEFINITIONS = (
					"DEBUG=1",
					"$(inherited)",
				);
				GCC_WARN_64_TO_32_BIT_CONVERSION = YES;
				GCC_WARN_ABOUT_RETURN_TYPE = YES_ERROR;
				GCC_WARN_UNDECLARED_SELECTOR = YES;
				GCC_WARN_UNINITIALIZED_AUTOS = YES_AGGRESSIVE;
				GCC_WARN_UNUSED_FUNCTION = YES;
				GCC_WARN_UNUSED_VARIABLE = YES;
				IPHONEOS_DEPLOYMENT_TARGET = 11.2;
				MTL_ENABLE_DEBUG_INFO = YES;
				ONLY_ACTIVE_ARCH = YES;
				SDKROOT = iphoneos;
				SWIFT_ACTIVE_COMPILATION_CONDITIONS = DEBUG;
				SWIFT_OPTIMIZATION_LEVEL = "-Onone";
			};
			name = Debug;
		};
		06F49B4A1FE13A0E00661636 /* Release */ = {
			isa = XCBuildConfiguration;
			buildSettings = {
				ALWAYS_SEARCH_USER_PATHS = NO;
				CLANG_ANALYZER_NONNULL = YES;
				CLANG_ANALYZER_NUMBER_OBJECT_CONVERSION = YES_AGGRESSIVE;
				CLANG_CXX_LANGUAGE_STANDARD = "gnu++14";
				CLANG_CXX_LIBRARY = "libc++";
				CLANG_ENABLE_MODULES = YES;
				CLANG_ENABLE_OBJC_ARC = YES;
				CLANG_WARN_BLOCK_CAPTURE_AUTORELEASING = YES;
				CLANG_WARN_BOOL_CONVERSION = YES;
				CLANG_WARN_COMMA = YES;
				CLANG_WARN_CONSTANT_CONVERSION = YES;
				CLANG_WARN_DIRECT_OBJC_ISA_USAGE = YES_ERROR;
				CLANG_WARN_DOCUMENTATION_COMMENTS = YES;
				CLANG_WARN_EMPTY_BODY = YES;
				CLANG_WARN_ENUM_CONVERSION = YES;
				CLANG_WARN_INFINITE_RECURSION = YES;
				CLANG_WARN_INT_CONVERSION = YES;
				CLANG_WARN_NON_LITERAL_NULL_CONVERSION = YES;
				CLANG_WARN_OBJC_LITERAL_CONVERSION = YES;
				CLANG_WARN_OBJC_ROOT_CLASS = YES_ERROR;
				CLANG_WARN_RANGE_LOOP_ANALYSIS = YES;
				CLANG_WARN_STRICT_PROTOTYPES = YES;
				CLANG_WARN_SUSPICIOUS_MOVE = YES;
				CLANG_WARN_UNGUARDED_AVAILABILITY = YES_AGGRESSIVE;
				CLANG_WARN_UNREACHABLE_CODE = YES;
				CLANG_WARN__DUPLICATE_METHOD_MATCH = YES;
				CODE_SIGN_IDENTITY = "iPhone Developer";
				COPY_PHASE_STRIP = NO;
				DEBUG_INFORMATION_FORMAT = "dwarf-with-dsym";
				ENABLE_NS_ASSERTIONS = NO;
				ENABLE_STRICT_OBJC_MSGSEND = YES;
				GCC_C_LANGUAGE_STANDARD = gnu11;
				GCC_NO_COMMON_BLOCKS = YES;
				GCC_WARN_64_TO_32_BIT_CONVERSION = YES;
				GCC_WARN_ABOUT_RETURN_TYPE = YES_ERROR;
				GCC_WARN_UNDECLARED_SELECTOR = YES;
				GCC_WARN_UNINITIALIZED_AUTOS = YES_AGGRESSIVE;
				GCC_WARN_UNUSED_FUNCTION = YES;
				GCC_WARN_UNUSED_VARIABLE = YES;
				IPHONEOS_DEPLOYMENT_TARGET = 11.2;
				MTL_ENABLE_DEBUG_INFO = NO;
				SDKROOT = iphoneos;
				SWIFT_OPTIMIZATION_LEVEL = "-Owholemodule";
				VALIDATE_PRODUCT = YES;
			};
			name = Release;
		};
		06F49B4C1FE13A0E00661636 /* Debug */ = {
			isa = XCBuildConfiguration;
			buildSettings = {
				ASSETCATALOG_COMPILER_APPICON_NAME = AppIcon;
				CODE_SIGN_STYLE = Automatic;
				INFOPLIST_FILE = MyTabView/Info.plist;
				IPHONEOS_DEPLOYMENT_TARGET = 10.1;
				LD_RUNPATH_SEARCH_PATHS = "$(inherited) @executable_path/Frameworks";
				PRODUCT_BUNDLE_IDENTIFIER = cc.katagiri.MyTabView;
				PRODUCT_NAME = "$(TARGET_NAME)";
				SWIFT_VERSION = 4.0;
				TARGETED_DEVICE_FAMILY = "1,2";
			};
			name = Debug;
		};
		06F49B4D1FE13A0E00661636 /* Release */ = {
			isa = XCBuildConfiguration;
			buildSettings = {
				ASSETCATALOG_COMPILER_APPICON_NAME = AppIcon;
				CODE_SIGN_STYLE = Automatic;
				INFOPLIST_FILE = MyTabView/Info.plist;
				IPHONEOS_DEPLOYMENT_TARGET = 10.1;
				LD_RUNPATH_SEARCH_PATHS = "$(inherited) @executable_path/Frameworks";
				PRODUCT_BUNDLE_IDENTIFIER = cc.katagiri.MyTabView;
				PRODUCT_NAME = "$(TARGET_NAME)";
				SWIFT_VERSION = 4.0;
				TARGETED_DEVICE_FAMILY = "1,2";
			};
			name = Release;
		};
/* End XCBuildConfiguration section */

/* Begin XCConfigurationList section */
		06F49B341FE13A0E00661636 /* Build configuration list for PBXProject "MyTabView" */ = {
			isa = XCConfigurationList;
			buildConfigurations = (
				06F49B491FE13A0E00661636 /* Debug */,
				06F49B4A1FE13A0E00661636 /* Release */,
			);
			defaultConfigurationIsVisible = 0;
			defaultConfigurationName = Release;
		};
		06F49B4B1FE13A0E00661636 /* Build configuration list for PBXNativeTarget "MyTabView" */ = {
			isa = XCConfigurationList;
			buildConfigurations = (
				06F49B4C1FE13A0E00661636 /* Debug */,
				06F49B4D1FE13A0E00661636 /* Release */,
			);
			defaultConfigurationIsVisible = 0;
			defaultConfigurationName = Release;
		};
/* End XCConfigurationList section */
	};
	rootObject = 06F49B311FE13A0E00661636 /* Project object */;
}
